
Microsoft Visual Studio Solution File, Format Version 12.00
# Visual Studio 2012
Project("{FAE04EC0-301F-11D3-BF4B-00C04F79EFBC}") = "WcfDemoHybrid", "WcfDemoHybrid\WcfDemoHybrid.csproj", "{5AA4F7AA-6E9C-419B-B15D-9A4F3D2916FB}"
EndProject
Global
	GlobalSection(SolutionConfigurationPlatforms) = preSolution
		Debug|Any CPU = Debug|Any CPU
		Release|Any CPU = Release|Any CPU
	EndGlobalSection
	GlobalSection(ProjectConfigurationPlatforms) = postSolution
		{5AA4F7AA-6E9C-419B-B15D-9A4F3D2916FB}.Debug|Any CPU.ActiveCfg = Debug|Any CPU
		{5AA4F7AA-6E9C-419B-B15D-9A4F3D2916FB}.Debug|Any CPU.Build.0 = Debug|Any CPU
		{5AA4F7AA-6E9C-419B-B15D-9A4F3D2916FB}.Release|Any CPU.ActiveCfg = Release|Any CPU
		{5AA4F7AA-6E9C-419B-B15D-9A4F3D2916FB}.Release|Any CPU.Build.0 = Release|Any CPU
	EndGlobalSection
	GlobalSection(SolutionProperties) = preSolution
		HideSolutionNode = FALSE
	EndGlobalSection
EndGlobal
